
Microsoft Visual Studio Solution File, Format Version 12.00
# Visual Studio Version 17
VisualStudioVersion = 17.8.34330.188
MinimumVisualStudioVersion = 10.0.40219.1
Project("{8BC9CEB8-8B4A-11D0-8D11-00A0C91BC942}") = "encapsulationveprivate", "encapsulationveprivate.vcxproj", "{AE4B0962-89B6-4479-84C1-754DE3651198}"
EndProject
Global
	GlobalSection(SolutionConfigurationPlatforms) = preSolution
		Debug|x64 = Debug|x64
		Debug|x86 = Debug|x86
		Release|x64 = Release|x64
		Release|x86 = Release|x86
	EndGlobalSection
	GlobalSection(ProjectConfigurationPlatforms) = postSolution
		{AE4B0962-89B6-4479-84C1-754DE3651198}.Debug|x64.ActiveCfg = Debug|x64
		{AE4B0962-89B6-4479-84C1-754DE3651198}.Debug|x64.Build.0 = Debug|x64
		{AE4B0962-89B6-4479-84C1-754DE3651198}.Debug|x86.ActiveCfg = Debug|Win32
		{AE4B0962-89B6-4479-84C1-754DE3651198}.Debug|x86.Build.0 = Debug|Win32
		{AE4B0962-89B6-4479-84C1-754DE3651198}.Release|x64.ActiveCfg = Release|x64
		{AE4B0962-89B6-4479-84C1-754DE3651198}.Release|x64.Build.0 = Release|x64
		{AE4B0962-89B6-4479-84C1-754DE3651198}.Release|x86.ActiveCfg = Release|Win32
		{AE4B0962-89B6-4479-84C1-754DE3651198}.Release|x86.Build.0 = Release|Win32
	EndGlobalSection
	GlobalSection(SolutionProperties) = preSolution
		HideSolutionNode = FALSE
	EndGlobalSection
	GlobalSection(ExtensibilityGlobals) = postSolution
		SolutionGuid = {405A3018-38E7-4C13-9C8C-AE38B44A8D0A}
	EndGlobalSection
EndGlobal
